
Microsoft Visual Studio Solution File, Format Version 12.00
# Visual Studio Version 17
VisualStudioVersion = 17.14.36401.2
MinimumVisualStudioVersion = 10.0.40219.1
Project("{FAE04EC0-301F-11D3-BF4B-00C04F79EFBC}") = "Prism_Primary", "Prism_Primary\Prism_Primary.csproj", "{C67BB48D-98B0-4330-8A7B-FF990B0E60BF}"
EndProject
Project("{2150E333-8FDC-42A3-9474-1A3956D46DE8}") = "解决方案项", "解决方案项", "{9FA3D6BD-1EC1-3BA5-80CB-CE02773A58D5}"
	ProjectSection(SolutionItems) = preProject
		Directory.Packages.props = Directory.Packages.props
	EndProjectSection
EndProject
Project("{FAE04EC0-301F-11D3-BF4B-00C04F79EFBC}") = "Prism_Command", "Prism_Command\Prism_Command.csproj", "{A30D7BA4-9670-47AD-A87A-6DD2A658EEFF}"
EndProject
Project("{FAE04EC0-301F-11D3-BF4B-00C04F79EFBC}") = "Prism_Dialog", "Prism_Dialog\Prism_Dialog.csproj", "{52BE8B0B-2BA5-4A02-9A25-9293329AD492}"
EndProject
Project("{FAE04EC0-301F-11D3-BF4B-00C04F79EFBC}") = "Prism_EventAggregator", "Prism_EventAggregator\Prism_EventAggregator.csproj", "{D2D1D425-1030-4E08-B5B8-401492B9D0D8}"
EndProject
Project("{FAE04EC0-301F-11D3-BF4B-00C04F79EFBC}") = "Prism_Region", "Prism_Region\Prism_Region.csproj", "{01C8ED29-26A4-40B8-9857-37321944CACB}"
EndProject
Project("{FAE04EC0-301F-11D3-BF4B-00C04F79EFBC}") = "Prism_Module", "Prism_Module\Prism_Module.csproj", "{5138D66A-8F79-4F90-998A-E908280FF8D0}"
EndProject
Project("{FAE04EC0-301F-11D3-BF4B-00C04F79EFBC}") = "Prism_MVVM", "Prism_MVVM\Prism_MVVM.csproj", "{EBD0FC69-F105-4E4E-AF30-F5E115B22581}"
EndProject
Global
	GlobalSection(SolutionConfigurationPlatforms) = preSolution
		Debug|Any CPU = Debug|Any CPU
		Release|Any CPU = Release|Any CPU
	EndGlobalSection
	GlobalSection(ProjectConfigurationPlatforms) = postSolution
		{C67BB48D-98B0-4330-8A7B-FF990B0E60BF}.Debug|Any CPU.ActiveCfg = Debug|Any CPU
		{C67BB48D-98B0-4330-8A7B-FF990B0E60BF}.Debug|Any CPU.Build.0 = Debug|Any CPU
		{C67BB48D-98B0-4330-8A7B-FF990B0E60BF}.Release|Any CPU.ActiveCfg = Release|Any CPU
		{C67BB48D-98B0-4330-8A7B-FF990B0E60BF}.Release|Any CPU.Build.0 = Release|Any CPU
		{A30D7BA4-9670-47AD-A87A-6DD2A658EEFF}.Debug|Any CPU.ActiveCfg = Debug|Any CPU
		{A30D7BA4-9670-47AD-A87A-6DD2A658EEFF}.Debug|Any CPU.Build.0 = Debug|Any CPU
		{A30D7BA4-9670-47AD-A87A-6DD2A658EEFF}.Release|Any CPU.ActiveCfg = Release|Any CPU
		{A30D7BA4-9670-47AD-A87A-6DD2A658EEFF}.Release|Any CPU.Build.0 = Release|Any CPU
		{52BE8B0B-2BA5-4A02-9A25-9293329AD492}.Debug|Any CPU.ActiveCfg = Debug|Any CPU
		{52BE8B0B-2BA5-4A02-9A25-9293329AD492}.Debug|Any CPU.Build.0 = Debug|Any CPU
		{52BE8B0B-2BA5-4A02-9A25-9293329AD492}.Release|Any CPU.ActiveCfg = Release|Any CPU
		{52BE8B0B-2BA5-4A02-9A25-9293329AD492}.Release|Any CPU.Build.0 = Release|Any CPU
		{D2D1D425-1030-4E08-B5B8-401492B9D0D8}.Debug|Any CPU.ActiveCfg = Debug|Any CPU
		{D2D1D425-1030-4E08-B5B8-401492B9D0D8}.Debug|Any CPU.Build.0 = Debug|Any CPU
		{D2D1D425-1030-4E08-B5B8-401492B9D0D8}.Release|Any CPU.ActiveCfg = Release|Any CPU
		{D2D1D425-1030-4E08-B5B8-401492B9D0D8}.Release|Any CPU.Build.0 = Release|Any CPU
		{01C8ED29-26A4-40B8-9857-37321944CACB}.Debug|Any CPU.ActiveCfg = Debug|Any CPU
		{01C8ED29-26A4-40B8-9857-37321944CACB}.Debug|Any CPU.Build.0 = Debug|Any CPU
		{01C8ED29-26A4-40B8-9857-37321944CACB}.Release|Any CPU.ActiveCfg = Release|Any CPU
		{01C8ED29-26A4-40B8-9857-37321944CACB}.Release|Any CPU.Build.0 = Release|Any CPU
		{5138D66A-8F79-4F90-998A-E908280FF8D0}.Debug|Any CPU.ActiveCfg = Debug|Any CPU
		{5138D66A-8F79-4F90-998A-E908280FF8D0}.Debug|Any CPU.Build.0 = Debug|Any CPU
		{5138D66A-8F79-4F90-998A-E908280FF8D0}.Release|Any CPU.ActiveCfg = Release|Any CPU
		{5138D66A-8F79-4F90-998A-E908280FF8D0}.Release|Any CPU.Build.0 = Release|Any CPU
		{EBD0FC69-F105-4E4E-AF30-F5E115B22581}.Debug|Any CPU.ActiveCfg = Debug|Any CPU
		{EBD0FC69-F105-4E4E-AF30-F5E115B22581}.Debug|Any CPU.Build.0 = Debug|Any CPU
		{EBD0FC69-F105-4E4E-AF30-F5E115B22581}.Release|Any CPU.ActiveCfg = Release|Any CPU
		{EBD0FC69-F105-4E4E-AF30-F5E115B22581}.Release|Any CPU.Build.0 = Release|Any CPU
	EndGlobalSection
	GlobalSection(SolutionProperties) = preSolution
		HideSolutionNode = FALSE
	EndGlobalSection
	GlobalSection(ExtensibilityGlobals) = postSolution
		SolutionGuid = {7620D40F-884B-4A9B-B4A3-19A77658EC5B}
	EndGlobalSection
EndGlobal
